
Microsoft Visual Studio Solution File, Format Version 12.00
# Visual Studio Version 16
VisualStudioVersion = 16.0.30611.23
MinimumVisualStudioVersion = 10.0.40219.1
Project("{FAE04EC0-301F-11D3-BF4B-00C04F79EFBC}") = "indian", "Indian\indian.csproj", "{E2B8707F-F629-4721-8F6A-A2653EEF68DA}"
EndProject
Project("{FAE04EC0-301F-11D3-BF4B-00C04F79EFBC}") = "mexican", "Mexican\mexican.csproj", "{7128FC64-D5E0-4C7C-95A2-1579D5C9A485}"
EndProject
Project("{FAE04EC0-301F-11D3-BF4B-00C04F79EFBC}") = "greek", "Greek\greek.csproj", "{AFB62BDC-E020-4F47-992A-F1529A91E887}"
EndProject
Project("{FAE04EC0-301F-11D3-BF4B-00C04F79EFBC}") = "Twoboots", "Twoboots\Twoboots.csproj", "{0ADCD198-8EF7-4B2F-801B-FBA1D5275D41}"
EndProject
Project("{FAE04EC0-301F-11D3-BF4B-00C04F79EFBC}") = "TwobootsAPI", "TwobootsAPI\TwobootsAPI.csproj", "{61D47A0D-A18F-428E-9DFB-FDB03B159D45}"
EndProject
Project("{FAE04EC0-301F-11D3-BF4B-00C04F79EFBC}") = "TwobootsUploadNew", "TwobootsUploadNew\TwobootsUploadNew.csproj", "{070B31E6-3E36-4E4A-AC65-123ADEEDC6E6}"
EndProject
Project("{FAE04EC0-301F-11D3-BF4B-00C04F79EFBC}") = "WebApplication2", "WebApplication2\WebApplication2.csproj", "{8649A332-5311-4921-8592-C41AC365483B}"
EndProject
Project("{FAE04EC0-301F-11D3-BF4B-00C04F79EFBC}") = "whatscooking", "whatscooking\whatscooking.csproj", "{7CAE3721-1254-4F95-8DEB-43349BACC811}"
EndProject
Project("{FAE04EC0-301F-11D3-BF4B-00C04F79EFBC}") = "WebGeorge", "WebGeorge\WebGeorge.csproj", "{00A9E974-8D0D-48DD-AC9F-8C62E5E420B6}"
EndProject
Project("{FAE04EC0-301F-11D3-BF4B-00C04F79EFBC}") = "WebMembership", "WebMembership\WebMembership.csproj", "{144A4394-33E5-48E6-8B0A-7B3501427FD6}"
EndProject
Project("{FAE04EC0-301F-11D3-BF4B-00C04F79EFBC}") = "kylah", "kylah\kylah.csproj", "{F4306414-8EEC-4E43-92A6-1968F24F83F9}"
EndProject
Project("{FAE04EC0-301F-11D3-BF4B-00C04F79EFBC}") = "kylahAPI", "kylahAPI\kylahAPI.csproj", "{045B8F75-2C23-4C86-A180-F31FD3F8ED09}"
EndProject
Project("{FAE04EC0-301F-11D3-BF4B-00C04F79EFBC}") = "kylahUploadNew", "kylahUploadNew\kylahUploadNew.csproj", "{9F5207EA-D393-4095-9845-0649864DF29B}"
EndProject
Project("{FAE04EC0-301F-11D3-BF4B-00C04F79EFBC}") = "cookin", "cookin\cookin.csproj", "{FF0DD320-090F-435D-A1D6-6E31881D15EE}"
EndProject
Project("{FAE04EC0-301F-11D3-BF4B-00C04F79EFBC}") = "rrrings", "rrrings\rrrings.csproj", "{0B87B86A-F2F0-4A5F-8346-C5827DED73A0}"
EndProject
Global
	GlobalSection(SolutionConfigurationPlatforms) = preSolution
		Debug|Any CPU = Debug|Any CPU
		Release|Any CPU = Release|Any CPU
	EndGlobalSection
	GlobalSection(ProjectConfigurationPlatforms) = postSolution
		{E2B8707F-F629-4721-8F6A-A2653EEF68DA}.Debug|Any CPU.ActiveCfg = Debug|Any CPU
		{E2B8707F-F629-4721-8F6A-A2653EEF68DA}.Debug|Any CPU.Build.0 = Debug|Any CPU
		{E2B8707F-F629-4721-8F6A-A2653EEF68DA}.Release|Any CPU.ActiveCfg = Release|Any CPU
		{E2B8707F-F629-4721-8F6A-A2653EEF68DA}.Release|Any CPU.Build.0 = Release|Any CPU
		{7128FC64-D5E0-4C7C-95A2-1579D5C9A485}.Debug|Any CPU.ActiveCfg = Debug|Any CPU
		{7128FC64-D5E0-4C7C-95A2-1579D5C9A485}.Debug|Any CPU.Build.0 = Debug|Any CPU
		{7128FC64-D5E0-4C7C-95A2-1579D5C9A485}.Release|Any CPU.ActiveCfg = Release|Any CPU
		{7128FC64-D5E0-4C7C-95A2-1579D5C9A485}.Release|Any CPU.Build.0 = Release|Any CPU
		{AFB62BDC-E020-4F47-992A-F1529A91E887}.Debug|Any CPU.ActiveCfg = Debug|Any CPU
		{AFB62BDC-E020-4F47-992A-F1529A91E887}.Debug|Any CPU.Build.0 = Debug|Any CPU
		{AFB62BDC-E020-4F47-992A-F1529A91E887}.Release|Any CPU.ActiveCfg = Release|Any CPU
		{AFB62BDC-E020-4F47-992A-F1529A91E887}.Release|Any CPU.Build.0 = Release|Any CPU
		{0ADCD198-8EF7-4B2F-801B-FBA1D5275D41}.Debug|Any CPU.ActiveCfg = Debug|Any CPU
		{0ADCD198-8EF7-4B2F-801B-FBA1D5275D41}.Debug|Any CPU.Build.0 = Debug|Any CPU
		{0ADCD198-8EF7-4B2F-801B-FBA1D5275D41}.Release|Any CPU.ActiveCfg = Release|Any CPU
		{0ADCD198-8EF7-4B2F-801B-FBA1D5275D41}.Release|Any CPU.Build.0 = Release|Any CPU
		{61D47A0D-A18F-428E-9DFB-FDB03B159D45}.Debug|Any CPU.ActiveCfg = Debug|Any CPU
		{61D47A0D-A18F-428E-9DFB-FDB03B159D45}.Debug|Any CPU.Build.0 = Debug|Any CPU
		{61D47A0D-A18F-428E-9DFB-FDB03B159D45}.Release|Any CPU.ActiveCfg = Release|Any CPU
		{61D47A0D-A18F-428E-9DFB-FDB03B159D45}.Release|Any CPU.Build.0 = Release|Any CPU
		{070B31E6-3E36-4E4A-AC65-123ADEEDC6E6}.Debug|Any CPU.ActiveCfg = Debug|Any CPU
		{070B31E6-3E36-4E4A-AC65-123ADEEDC6E6}.Debug|Any CPU.Build.0 = Debug|Any CPU
		{070B31E6-3E36-4E4A-AC65-123ADEEDC6E6}.Release|Any CPU.ActiveCfg = Release|Any CPU
		{070B31E6-3E36-4E4A-AC65-123ADEEDC6E6}.Release|Any CPU.Build.0 = Release|Any CPU
		{8649A332-5311-4921-8592-C41AC365483B}.Debug|Any CPU.ActiveCfg = Debug|Any CPU
		{8649A332-5311-4921-8592-C41AC365483B}.Debug|Any CPU.Build.0 = Debug|Any CPU
		{8649A332-5311-4921-8592-C41AC365483B}.Release|Any CPU.ActiveCfg = Release|Any CPU
		{8649A332-5311-4921-8592-C41AC365483B}.Release|Any CPU.Build.0 = Release|Any CPU
		{7CAE3721-1254-4F95-8DEB-43349BACC811}.Debug|Any CPU.ActiveCfg = Debug|Any CPU
		{7CAE3721-1254-4F95-8DEB-43349BACC811}.Debug|Any CPU.Build.0 = Debug|Any CPU
		{7CAE3721-1254-4F95-8DEB-43349BACC811}.Release|Any CPU.ActiveCfg = Release|Any CPU
		{7CAE3721-1254-4F95-8DEB-43349BACC811}.Release|Any CPU.Build.0 = Release|Any CPU
		{00A9E974-8D0D-48DD-AC9F-8C62E5E420B6}.Debug|Any CPU.ActiveCfg = Debug|Any CPU
		{00A9E974-8D0D-48DD-AC9F-8C62E5E420B6}.Debug|Any CPU.Build.0 = Debug|Any CPU
		{00A9E974-8D0D-48DD-AC9F-8C62E5E420B6}.Release|Any CPU.ActiveCfg = Release|Any CPU
		{00A9E974-8D0D-48DD-AC9F-8C62E5E420B6}.Release|Any CPU.Build.0 = Release|Any CPU
		{144A4394-33E5-48E6-8B0A-7B3501427FD6}.Debug|Any CPU.ActiveCfg = Debug|Any CPU
		{144A4394-33E5-48E6-8B0A-7B3501427FD6}.Debug|Any CPU.Build.0 = Debug|Any CPU
		{144A4394-33E5-48E6-8B0A-7B3501427FD6}.Release|Any CPU.ActiveCfg = Release|Any CPU
		{144A4394-33E5-48E6-8B0A-7B3501427FD6}.Release|Any CPU.Build.0 = Release|Any CPU
		{F4306414-8EEC-4E43-92A6-1968F24F83F9}.Debug|Any CPU.ActiveCfg = Debug|Any CPU
		{F4306414-8EEC-4E43-92A6-1968F24F83F9}.Debug|Any CPU.Build.0 = Debug|Any CPU
		{F4306414-8EEC-4E43-92A6-1968F24F83F9}.Release|Any CPU.ActiveCfg = Release|Any CPU
		{F4306414-8EEC-4E43-92A6-1968F24F83F9}.Release|Any CPU.Build.0 = Release|Any CPU
		{045B8F75-2C23-4C86-A180-F31FD3F8ED09}.Debug|Any CPU.ActiveCfg = Debug|Any CPU
		{045B8F75-2C23-4C86-A180-F31FD3F8ED09}.Debug|Any CPU.Build.0 = Debug|Any CPU
		{045B8F75-2C23-4C86-A180-F31FD3F8ED09}.Release|Any CPU.ActiveCfg = Release|Any CPU
		{045B8F75-2C23-4C86-A180-F31FD3F8ED09}.Release|Any CPU.Build.0 = Release|Any CPU
		{9F5207EA-D393-4095-9845-0649864DF29B}.Debug|Any CPU.ActiveCfg = Debug|Any CPU
		{9F5207EA-D393-4095-9845-0649864DF29B}.Debug|Any CPU.Build.0 = Debug|Any CPU
		{9F5207EA-D393-4095-9845-0649864DF29B}.Release|Any CPU.ActiveCfg = Release|Any CPU
		{9F5207EA-D393-4095-9845-0649864DF29B}.Release|Any CPU.Build.0 = Release|Any CPU
		{FF0DD320-090F-435D-A1D6-6E31881D15EE}.Debug|Any CPU.ActiveCfg = Debug|Any CPU
		{FF0DD320-090F-435D-A1D6-6E31881D15EE}.Debug|Any CPU.Build.0 = Debug|Any CPU
		{FF0DD320-090F-435D-A1D6-6E31881D15EE}.Release|Any CPU.ActiveCfg = Release|Any CPU
		{FF0DD320-090F-435D-A1D6-6E31881D15EE}.Release|Any CPU.Build.0 = Release|Any CPU
		{0B87B86A-F2F0-4A5F-8346-C5827DED73A0}.Debug|Any CPU.ActiveCfg = Debug|Any CPU
		{0B87B86A-F2F0-4A5F-8346-C5827DED73A0}.Debug|Any CPU.Build.0 = Debug|Any CPU
		{0B87B86A-F2F0-4A5F-8346-C5827DED73A0}.Release|Any CPU.ActiveCfg = Release|Any CPU
		{0B87B86A-F2F0-4A5F-8346-C5827DED73A0}.Release|Any CPU.Build.0 = Release|Any CPU
	EndGlobalSection
	GlobalSection(SolutionProperties) = preSolution
		HideSolutionNode = FALSE
	EndGlobalSection
	GlobalSection(ExtensibilityGlobals) = postSolution
		SolutionGuid = {57DD5C17-3DD4-4034-BB00-6EA7AF7F8B17}
	EndGlobalSection
EndGlobal
